
Microsoft Visual Studio Solution File, Format Version 12.00
# Visual Studio Version 16
VisualStudioVersion = 25.0.1704.0
MinimumVisualStudioVersion = 10.0.40219.1
Project("{FAE04EC0-301F-11D3-BF4B-00C04F79EFBC}") = "ContactsAPI", "ContactsAPI\ContactsAPI.csproj", "{B67A1908-7243-444B-8C95-6D1DBCD9F847}"
EndProject
Global
	GlobalSection(SolutionConfigurationPlatforms) = preSolution
		Debug|Any CPU = Debug|Any CPU
		Release|Any CPU = Release|Any CPU
	EndGlobalSection
	GlobalSection(ProjectConfigurationPlatforms) = postSolution
		{B67A1908-7243-444B-8C95-6D1DBCD9F847}.Debug|Any CPU.ActiveCfg = Debug|Any CPU
		{B67A1908-7243-444B-8C95-6D1DBCD9F847}.Debug|Any CPU.Build.0 = Debug|Any CPU
		{B67A1908-7243-444B-8C95-6D1DBCD9F847}.Release|Any CPU.ActiveCfg = Release|Any CPU
		{B67A1908-7243-444B-8C95-6D1DBCD9F847}.Release|Any CPU.Build.0 = Release|Any CPU
	EndGlobalSection
	GlobalSection(SolutionProperties) = preSolution
		HideSolutionNode = FALSE
	EndGlobalSection
	GlobalSection(ExtensibilityGlobals) = postSolution
		SolutionGuid = {0985E4AA-0446-4B0C-ABA9-8B1DFA3B065A}
	EndGlobalSection
EndGlobal
